uuid: 08571a6d-b6d2-48cf-8a52-a51ddbdc1308
langcode: en
status: true
dependencies:
  module:
    - drupal_itm_demos
  theme:
    - bootstrap_barrio
id: bootstrap_barrio_subscribeblock
theme: bootstrap_barrio
region: footer_first
weight: 0
provider: null
plugin: subscribe_block
settings:
  id: subscribe_block
  label: 'Subscribe form'
  provider: drupal_itm_demos
  label_display: '0'
visibility: {  }
